lockfileVersion: '9.0'

settings:
  autoInstallPeers: true
  excludeLinksFromLockfile: false

importers:

  .:
    dependencies:
      tailwindcss:
        specifier: ^4.0.0-alpha.34
        version: 4.0.0-beta.8

packages:

  tailwindcss@4.0.0-beta.8:
    resolution: {integrity: sha512-21HmdRq9tHDLJZavb2cRBGJxBvRODpwb0/t3tRbMOl65hJE6zG6K6lD6lLS3IOC35u4SOjKjdZiJJi9AuWCf+Q==}

snapshots:

  tailwindcss@4.0.0-beta.8: {}
